
Microsoft Visual Studio Solution File, Format Version 12.00
# Visual Studio Version 16
VisualStudioVersion = 16.0.30717.126
MinimumVisualStudioVersion = 10.0.40219.1
Project("{2150E333-8FDC-42A3-9474-1A3956D46DE8}") = "Application", "Application", "{4F82799F-1257-41FF-B7AE-0ECF570FB8C4}"
EndProject
Project("{2150E333-8FDC-42A3-9474-1A3956D46DE8}") = "Domain", "Domain", "{7B8EF583-2FC5-4066-9E9F-D1159157D3E2}"
EndProject
Project("{2150E333-8FDC-42A3-9474-1A3956D46DE8}") = "Services", "Services", "{02F00426-E0B9-48D2-91A8-B8052951B817}"
EndProject
Project("{9A19103F-16F7-4668-BE54-9A1E7A4F7556}") = "CrudApi.Application", "CrudApi.Application\CrudApi.Application.csproj", "{E1CE898F-8144-49BC-966C-E044D958FC23}"
EndProject
Project("{9A19103F-16F7-4668-BE54-9A1E7A4F7556}") = "CrudApi.Domain", "CrudApi.Domain\CrudApi.Domain.csproj", "{2D249064-D60E-448D-9D0C-4F9A6822E0C2}"
EndProject
Project("{9A19103F-16F7-4668-BE54-9A1E7A4F7556}") = "CrudApi.Services", "CrudApi.Services\CrudApi.Services.csproj", "{AE2CA65B-E375-4BC2-BAF1-CD2FE79F259F}"
EndProject
Project("{2150E333-8FDC-42A3-9474-1A3956D46DE8}") = "Repository", "Repository", "{F403E31A-5130-4685-9F0A-5C2EF38B2720}"
EndProject
Project("{9A19103F-16F7-4668-BE54-9A1E7A4F7556}") = "CrudApi.Repository", "CrudApi.Repository\CrudApi.Repository.csproj", "{C69F3D91-19E7-4579-A3CF-69ECCF3A0195}"
EndProject
Global
	GlobalSection(SolutionConfigurationPlatforms) = preSolution
		Debug|Any CPU = Debug|Any CPU
		Release|Any CPU = Release|Any CPU
	EndGlobalSection
	GlobalSection(ProjectConfigurationPlatforms) = postSolution
		{E1CE898F-8144-49BC-966C-E044D958FC23}.Debug|Any CPU.ActiveCfg = Debug|Any CPU
		{E1CE898F-8144-49BC-966C-E044D958FC23}.Debug|Any CPU.Build.0 = Debug|Any CPU
		{E1CE898F-8144-49BC-966C-E044D958FC23}.Release|Any CPU.ActiveCfg = Release|Any CPU
		{E1CE898F-8144-49BC-966C-E044D958FC23}.Release|Any CPU.Build.0 = Release|Any CPU
		{2D249064-D60E-448D-9D0C-4F9A6822E0C2}.Debug|Any CPU.ActiveCfg = Debug|Any CPU
		{2D249064-D60E-448D-9D0C-4F9A6822E0C2}.Debug|Any CPU.Build.0 = Debug|Any CPU
		{2D249064-D60E-448D-9D0C-4F9A6822E0C2}.Release|Any CPU.ActiveCfg = Release|Any CPU
		{2D249064-D60E-448D-9D0C-4F9A6822E0C2}.Release|Any CPU.Build.0 = Release|Any CPU
		{AE2CA65B-E375-4BC2-BAF1-CD2FE79F259F}.Debug|Any CPU.ActiveCfg = Debug|Any CPU
		{AE2CA65B-E375-4BC2-BAF1-CD2FE79F259F}.Debug|Any CPU.Build.0 = Debug|Any CPU
		{AE2CA65B-E375-4BC2-BAF1-CD2FE79F259F}.Release|Any CPU.ActiveCfg = Release|Any CPU
		{AE2CA65B-E375-4BC2-BAF1-CD2FE79F259F}.Release|Any CPU.Build.0 = Release|Any CPU
		{C69F3D91-19E7-4579-A3CF-69ECCF3A0195}.Debug|Any CPU.ActiveCfg = Debug|Any CPU
		{C69F3D91-19E7-4579-A3CF-69ECCF3A0195}.Debug|Any CPU.Build.0 = Debug|Any CPU
		{C69F3D91-19E7-4579-A3CF-69ECCF3A0195}.Release|Any CPU.ActiveCfg = Release|Any CPU
		{C69F3D91-19E7-4579-A3CF-69ECCF3A0195}.Release|Any CPU.Build.0 = Release|Any CPU
	EndGlobalSection
	GlobalSection(SolutionProperties) = preSolution
		HideSolutionNode = FALSE
	EndGlobalSection
	GlobalSection(NestedProjects) = preSolution
		{E1CE898F-8144-49BC-966C-E044D958FC23} = {4F82799F-1257-41FF-B7AE-0ECF570FB8C4}
		{2D249064-D60E-448D-9D0C-4F9A6822E0C2} = {7B8EF583-2FC5-4066-9E9F-D1159157D3E2}
		{AE2CA65B-E375-4BC2-BAF1-CD2FE79F259F} = {02F00426-E0B9-48D2-91A8-B8052951B817}
		{C69F3D91-19E7-4579-A3CF-69ECCF3A0195} = {F403E31A-5130-4685-9F0A-5C2EF38B2720}
	EndGlobalSection
	GlobalSection(ExtensibilityGlobals) = postSolution
		SolutionGuid = {6515EC69-74C3-4953-BE04-E25EB647418B}
	EndGlobalSection
EndGlobal
